
Microsoft Visual Studio Solution File, Format Version 12.00
# Visual Studio 14
VisualStudioVersion = 14.0.25420.1
MinimumVisualStudioVersion = 10.0.40219.1
Project("{FAE04EC0-301F-11D3-BF4B-00C04F79EFBC}") = "SocialNetwork1.1", "SocialNetwork1.1\SocialNetwork1.1.csproj", "{B7119D89-043B-4BDD-A18B-C5C199B6507D}"
EndProject
Project("{FAE04EC0-301F-11D3-BF4B-00C04F79EFBC}") = "SocialNetwork.Admin", "SocialNetwork.Admin\SocialNetwork.Admin.csproj", "{95B89168-07BD-4D2C-B2BB-26480D08980C}"
EndProject
Project("{FAE04EC0-301F-11D3-BF4B-00C04F79EFBC}") = "SocialNetwork.BL", "SocialNetwork.BL\SocialNetwork.BL.csproj", "{B969085F-5F52-4142-B6A8-31BFD300C1A6}"
EndProject
Global
	GlobalSection(SolutionConfigurationPlatforms) = preSolution
		Debug|Any CPU = Debug|Any CPU
		Release|Any CPU = Release|Any CPU
	EndGlobalSection
	GlobalSection(ProjectConfigurationPlatforms) = postSolution
		{B7119D89-043B-4BDD-A18B-C5C199B6507D}.Debug|Any CPU.ActiveCfg = Debug|Any CPU
		{B7119D89-043B-4BDD-A18B-C5C199B6507D}.Debug|Any CPU.Build.0 = Debug|Any CPU
		{B7119D89-043B-4BDD-A18B-C5C199B6507D}.Release|Any CPU.ActiveCfg = Release|Any CPU
		{B7119D89-043B-4BDD-A18B-C5C199B6507D}.Release|Any CPU.Build.0 = Release|Any CPU
		{95B89168-07BD-4D2C-B2BB-26480D08980C}.Debug|Any CPU.ActiveCfg = Debug|Any CPU
		{95B89168-07BD-4D2C-B2BB-26480D08980C}.Debug|Any CPU.Build.0 = Debug|Any CPU
		{95B89168-07BD-4D2C-B2BB-26480D08980C}.Release|Any CPU.ActiveCfg = Release|Any CPU
		{95B89168-07BD-4D2C-B2BB-26480D08980C}.Release|Any CPU.Build.0 = Release|Any CPU
		{B969085F-5F52-4142-B6A8-31BFD300C1A6}.Debug|Any CPU.ActiveCfg = Debug|Any CPU
		{B969085F-5F52-4142-B6A8-31BFD300C1A6}.Debug|Any CPU.Build.0 = Debug|Any CPU
		{B969085F-5F52-4142-B6A8-31BFD300C1A6}.Release|Any CPU.ActiveCfg = Release|Any CPU
		{B969085F-5F52-4142-B6A8-31BFD300C1A6}.Release|Any CPU.Build.0 = Release|Any CPU
	EndGlobalSection
	GlobalSection(SolutionProperties) = preSolution
		HideSolutionNode = FALSE
	EndGlobalSection
	GlobalSection(ExtensibilityGlobals) = postSolution
		SolutionGuid = {73452F09-7BEF-4DE2-AC0E-0D2AD842F742}
	EndGlobalSection
EndGlobal
